
Microsoft Visual Studio Solution File, Format Version 12.00
# Visual Studio Version 17
VisualStudioVersion = 17.5.002.0
MinimumVisualStudioVersion = 10.0.40219.1
Project("{9A19103F-16F7-4668-BE54-9A1E7A4F7556}") = "ParkyAPI", "ParkyAPI.csproj", "{B85DCEFA-F22E-4367-91E0-CC2C4788B237}"
EndProject
Global
	GlobalSection(SolutionConfigurationPlatforms) = preSolution
		Debug|Any CPU = Debug|Any CPU
		Release|Any CPU = Release|Any CPU
	EndGlobalSection
	GlobalSection(ProjectConfigurationPlatforms) = postSolution
		{B85DCEFA-F22E-4367-91E0-CC2C4788B237}.Debug|Any CPU.ActiveCfg = Debug|Any CPU
		{B85DCEFA-F22E-4367-91E0-CC2C4788B237}.Debug|Any CPU.Build.0 = Debug|Any CPU
		{B85DCEFA-F22E-4367-91E0-CC2C4788B237}.Release|Any CPU.ActiveCfg = Release|Any CPU
		{B85DCEFA-F22E-4367-91E0-CC2C4788B237}.Release|Any CPU.Build.0 = Release|Any CPU
	EndGlobalSection
	GlobalSection(SolutionProperties) = preSolution
		HideSolutionNode = FALSE
	EndGlobalSection
	GlobalSection(ExtensibilityGlobals) = postSolution
		SolutionGuid = {1F3805E6-8151-4C36-AF46-44A1A025160F}
	EndGlobalSection
EndGlobal
